
Microsoft Visual Studio Solution File, Format Version 12.00
# Visual Studio 2012
Project("{FAE04EC0-301F-11D3-BF4B-00C04F79EFBC}") = "Google.IdToken.Demo", "Google.IdToken.Demo\Google.IdToken.Demo.csproj", "{3FF32261-AAF2-4F5D-8117-7FA366BD7B47}"
EndProject
Project("{FAE04EC0-301F-11D3-BF4B-00C04F79EFBC}") = "Google.IdToken.Core", "Google.IdToken.Core\Google.IdToken.Core.csproj", "{0B61C7B2-DD97-4D93-A49F-70854F1A9C1A}"
EndProject
Global
	GlobalSection(SolutionConfigurationPlatforms) = preSolution
		Debug|Any CPU = Debug|Any CPU
		Release|Any CPU = Release|Any CPU
	EndGlobalSection
	GlobalSection(ProjectConfigurationPlatforms) = postSolution
		{3FF32261-AAF2-4F5D-8117-7FA366BD7B47}.Debug|Any CPU.ActiveCfg = Debug|Any CPU
		{3FF32261-AAF2-4F5D-8117-7FA366BD7B47}.Debug|Any CPU.Build.0 = Debug|Any CPU
		{3FF32261-AAF2-4F5D-8117-7FA366BD7B47}.Release|Any CPU.ActiveCfg = Release|Any CPU
		{3FF32261-AAF2-4F5D-8117-7FA366BD7B47}.Release|Any CPU.Build.0 = Release|Any CPU
		{0B61C7B2-DD97-4D93-A49F-70854F1A9C1A}.Debug|Any CPU.ActiveCfg = Debug|Any CPU
		{0B61C7B2-DD97-4D93-A49F-70854F1A9C1A}.Debug|Any CPU.Build.0 = Debug|Any CPU
		{0B61C7B2-DD97-4D93-A49F-70854F1A9C1A}.Release|Any CPU.ActiveCfg = Release|Any CPU
		{0B61C7B2-DD97-4D93-A49F-70854F1A9C1A}.Release|Any CPU.Build.0 = Release|Any CPU
	EndGlobalSection
	GlobalSection(SolutionProperties) = preSolution
		HideSolutionNode = FALSE
	EndGlobalSection
EndGlobal
